// !$*UTF8*$!
{
	archiveVersion = 1;
	classes = {
	};
	objectVersion = 55;
	objects = {

/* Begin PBXBuildFile section */
		C382D65828AB1BC00099F03C /* SeSAC2UIFramework.docc in Sources */ = {isa = PBXBuildFile; fileRef = C382D65728AB1BC00099F03C /* SeSAC2UIFramework.docc */; };
		C382D65E28AB1BC00099F03C /* SeSAC2UIFramework.framework in Frameworks */ = {isa = PBXBuildFile; fileRef = C382D65328AB1BC00099F03C /* SeSAC2UIFramework.framework */; };
		C382D66328AB1BC00099F03C /* SeSAC2UIFrameworkTests.swift in Sources */ = {isa = PBXBuildFile; fileRef = C382D66228AB1BC00099F03C /* SeSAC2UIFrameworkTests.swift */; };
		C382D66428AB1BC00099F03C /* SeSAC2UIFramework.h in Headers */ = {isa = PBXBuildFile; fileRef = C382D65628AB1BC00099F03C /* SeSAC2UIFramework.h */; settings = {ATTRIBUTES = (Public, ); }; };
		C382D66E28AB1C2B0099F03C /* SeSACAlert.swift in Sources */ = {isa = PBXBuildFile; fileRef = C382D66D28AB1C2B0099F03C /* SeSACAlert.swift */; };
		C382D69D28AB284B0099F03C /* SeSACReusableProtocol.swift in Sources */ = {isa = PBXBuildFile; fileRef = C382D69C28AB284B0099F03C /* SeSACReusableProtocol.swift */; };
		C382D69F28AB292B0099F03C /* SeSACActivityViewController.swift in Sources */ = {isa = PBXBuildFile; fileRef = C382D69E28AB292B0099F03C /* SeSACActivityViewController.swift */; };
		C382D6A128AB2A1D0099F03C /* SeSACWebView.swift in Sources */ = {isa = PBXBuildFile; fileRef = C382D6A028AB2A1D0099F03C /* SeSACWebView.swift */; };
/* End PBXBuildFile section */

/* Begin PBXContainerItemProxy section */
		C382D65F28AB1BC00099F03C /* PBXContainerItemProxy */ = {
			isa = PBXContainerItemProxy;
			containerPortal = C382D64A28AB1BC00099F03C /* Project object */;
			proxyType = 1;
			remoteGlobalIDString = C382D65228AB1BC00099F03C;
			remoteInfo = SeSAC2UIFramework;
		};
/* End PBXContainerItemProxy section */

/* Begin PBXFileReference section */
		C382D65328AB1BC00099F03C /* SeSAC2UIFramework.framework */ = {isa = PBXFileReference; explicitFileType = wrapper.framework; includeInIndex = 0; path = SeSAC2UIFramework.framework; sourceTree = BUILT_PRODUCTS_DIR; };
		C382D65628AB1BC00099F03C /* SeSAC2UIFramework.h */ = {isa = PBXFileReference; lastKnownFileType = sourcecode.c.h; path = SeSAC2UIFramework.h; sourceTree = "<group>"; };
		C382D65728AB1BC00099F03C /* SeSAC2UIFramework.docc */ = {isa = PBXFileReference; lastKnownFileType = folder.documentationcatalog; path = SeSAC2UIFramework.docc; sourceTree = "<group>"; };
		C382D65D28AB1BC00099F03C /* SeSAC2UIFrameworkTests.xctest */ = {isa = PBXFileReference; explicitFileType = wrapper.cfbundle; includeInIndex = 0; path = SeSAC2UIFrameworkTests.xctest; sourceTree = BUILT_PRODUCTS_DIR; };
		C382D66228AB1BC00099F03C /* SeSAC2UIFrameworkTests.swift */ = {isa = PBXFileReference; lastKnownFileType = sourcecode.swift; path = SeSAC2UIFrameworkTests.swift; sourceTree = "<group>"; };
		C382D66D28AB1C2B0099F03C /* SeSACAlert.swift */ = {isa = PBXFileReference; lastKnownFileType = sourcecode.swift; path = SeSACAlert.swift; sourceTree = "<group>"; };
		C382D69C28AB284B0099F03C /* SeSACReusableProtocol.swift */ = {isa = PBXFileReference; lastKnownFileType = sourcecode.swift; path = SeSACReusableProtocol.swift; sourceTree = "<group>"; };
		C382D69E28AB292B0099F03C /* SeSACActivityViewController.swift */ = {isa = PBXFileReference; lastKnownFileType = sourcecode.swift; path = SeSACActivityViewController.swift; sourceTree = "<group>"; };
		C382D6A028AB2A1D0099F03C /* SeSACWebView.swift */ = {isa = PBXFileReference; lastKnownFileType = sourcecode.swift; path = SeSACWebView.swift; sourceTree = "<group>"; };
/* End PBXFileReference section */

/* Begin PBXFrameworksBuildPhase section */
		C382D65028AB1BC00099F03C /* Frameworks */ = {
			isa = PBXFrameworksBuildPhase;
			buildActionMask = 2147483647;
			files = (
			);
			runOnlyForDeploymentPostprocessing = 0;
		};
		C382D65A28AB1BC00099F03C /* Frameworks */ = {
			isa = PBXFrameworksBuildPhase;
			buildActionMask = 2147483647;
			files = (
				C382D65E28AB1BC00099F03C /* SeSAC2UIFramework.framework in Frameworks */,
			);
			runOnlyForDeploymentPostprocessing = 0;
		};
/* End PBXFrameworksBuildPhase section */

/* Begin PBXGroup section */
		C382D64928AB1BC00099F03C = {
			isa = PBXGroup;
			children = (
				C382D65528AB1BC00099F03C /* SeSAC2UIFramework */,
				C382D66128AB1BC00099F03C /* SeSAC2UIFrameworkTests */,
				C382D65428AB1BC00099F03C /* Products */,
			);
			sourceTree = "<group>";
		};
		C382D65428AB1BC00099F03C /* Products */ = {
			isa = PBXGroup;
			children = (
				C382D65328AB1BC00099F03C /* SeSAC2UIFramework.framework */,
				C382D65D28AB1BC00099F03C /* SeSAC2UIFrameworkTests.xctest */,
			);
			name = Products;
			sourceTree = "<group>";
		};
		C382D65528AB1BC00099F03C /* SeSAC2UIFramework */ = {
			isa = PBXGroup;
			children = (
				C382D65628AB1BC00099F03C /* SeSAC2UIFramework.h */,
				C382D65728AB1BC00099F03C /* SeSAC2UIFramework.docc */,
				C382D66D28AB1C2B0099F03C /* SeSACAlert.swift */,
				C382D69C28AB284B0099F03C /* SeSACReusableProtocol.swift */,
				C382D69E28AB292B0099F03C /* SeSACActivityViewController.swift */,
				C382D6A028AB2A1D0099F03C /* SeSACWebView.swift */,
			);
			path = SeSAC2UIFramework;
			sourceTree = "<group>";
		};
		C382D66128AB1BC00099F03C /* SeSAC2UIFrameworkTests */ = {
			isa = PBXGroup;
			children = (
				C382D66228AB1BC00099F03C /* SeSAC2UIFrameworkTests.swift */,
			);
			path = SeSAC2UIFrameworkTests;
			sourceTree = "<group>";
		};
/* End PBXGroup section */

/* Begin PBXHeadersBuildPhase section */
		C382D64E28AB1BC00099F03C /* Headers */ = {
			isa = PBXHeadersBuildPhase;
			buildActionMask = 2147483647;
			files = (
				C382D66428AB1BC00099F03C /* SeSAC2UIFramework.h in Headers */,
			);
			runOnlyForDeploymentPostprocessing = 0;
		};
/* End PBXHeadersBuildPhase section */

/* Begin PBXNativeTarget section */
		C382D65228AB1BC00099F03C /* SeSAC2UIFramework */ = {
			isa = PBXNativeTarget;
			buildConfigurationList = C382D66728AB1BC00099F03C /* Build configuration list for PBXNativeTarget "SeSAC2UIFramework" */;
			buildPhases = (
				C382D64E28AB1BC00099F03C /* Headers */,
				C382D64F28AB1BC00099F03C /* Sources */,
				C382D65028AB1BC00099F03C /* Frameworks */,
				C382D65128AB1BC00099F03C /* Resources */,
			);
			buildRules = (
			);
			dependencies = (
			);
			name = SeSAC2UIFramework;
			productName = SeSAC2UIFramework;
			productReference = C382D65328AB1BC00099F03C /* SeSAC2UIFramework.framework */;
			productType = "com.apple.product-type.framework";
		};
		C382D65C28AB1BC00099F03C /* SeSAC2UIFrameworkTests */ = {
			isa = PBXNativeTarget;
			buildConfigurationList = C382D66A28AB1BC00099F03C /* Build configuration list for PBXNativeTarget "SeSAC2UIFrameworkTests" */;
			buildPhases = (
				C382D65928AB1BC00099F03C /* Sources */,
				C382D65A28AB1BC00099F03C /* Frameworks */,
				C382D65B28AB1BC00099F03C /* Resources */,
			);
			buildRules = (
			);
			dependencies = (
				C382D66028AB1BC00099F03C /* PBXTargetDependency */,
			);
			name = SeSAC2UIFrameworkTests;
			productName = SeSAC2UIFrameworkTests;
			productReference = C382D65D28AB1BC00099F03C /* SeSAC2UIFrameworkTests.xctest */;
			productType = "com.apple.product-type.bundle.unit-test";
		};
/* End PBXNativeTarget section */

/* Begin PBXProject section */
		C382D64A28AB1BC00099F03C /* Project object */ = {
			isa = PBXProject;
			attributes = {
				BuildIndependentTargetsInParallel = 1;
				LastSwiftUpdateCheck = 1340;
				LastUpgradeCheck = 1340;
				TargetAttributes = {
					C382D65228AB1BC00099F03C = {
						CreatedOnToolsVersion = 13.4.1;
					};
					C382D65C28AB1BC00099F03C = {
						CreatedOnToolsVersion = 13.4.1;
					};
				};
			};
			buildConfigurationList = C382D64D28AB1BC00099F03C /* Build configuration list for PBXProject "SeSAC2UIFramework" */;
			compatibilityVersion = "Xcode 13.0";
			developmentRegion = en;
			hasScannedForEncodings = 0;
			knownRegions = (
				en,
				Base,
			);
			mainGroup = C382D64928AB1BC00099F03C;
			productRefGroup = C382D65428AB1BC00099F03C /* Products */;
			projectDirPath = "";
			projectRoot = "";
			targets = (
				C382D65228AB1BC00099F03C /* SeSAC2UIFramework */,
				C382D65C28AB1BC00099F03C /* SeSAC2UIFrameworkTests */,
			);
		};
/* End PBXProject section */

/* Begin PBXResourcesBuildPhase section */
		C382D65128AB1BC00099F03C /* Resources */ = {
			isa = PBXResourcesBuildPhase;
			buildActionMask = 2147483647;
			files = (
			);
			runOnlyForDeploymentPostprocessing = 0;
		};
		C382D65B28AB1BC00099F03C /* Resources */ = {
			isa = PBXResourcesBuildPhase;
			buildActionMask = 2147483647;
			files = (
			);
			runOnlyForDeploymentPostprocessing = 0;
		};
/* End PBXResourcesBuildPhase section */

/* Begin PBXSourcesBuildPhase section */
		C382D64F28AB1BC00099F03C /* Sources */ = {
			isa = PBXSourcesBuildPhase;
			buildActionMask = 2147483647;
			files = (
				C382D66E28AB1C2B0099F03C /* SeSACAlert.swift in Sources */,
				C382D69F28AB292B0099F03C /* SeSACActivityViewController.swift in Sources */,
				C382D65828AB1BC00099F03C /* SeSAC2UIFramework.docc in Sources */,
				C382D6A128AB2A1D0099F03C /* SeSACWebView.swift in Sources */,
				C382D69D28AB284B0099F03C /* SeSACReusableProtocol.swift in Sources */,
			);
			runOnlyForDeploymentPostprocessing = 0;
		};
		C382D65928AB1BC00099F03C /* Sources */ = {
			isa = PBXSourcesBuildPhase;
			buildActionMask = 2147483647;
			files = (
				C382D66328AB1BC00099F03C /* SeSAC2UIFrameworkTests.swift in Sources */,
			);
			runOnlyForDeploymentPostprocessing = 0;
		};
/* End PBXSourcesBuildPhase section */

/* Begin PBXTargetDependency section */
		C382D66028AB1BC00099F03C /* PBXTargetDependency */ = {
			isa = PBXTargetDependency;
			target = C382D65228AB1BC00099F03C /* SeSAC2UIFramework */;
			targetProxy = C382D65F28AB1BC00099F03C /* PBXContainerItemProxy */;
		};
/* End PBXTargetDependency section */

/* Begin XCBuildConfiguration section */
		C382D66528AB1BC00099F03C /* Debug */ = {
			isa = XCBuildConfiguration;
			buildSettings = {
				ALWAYS_SEARCH_USER_PATHS = NO;
				CLANG_ANALYZER_NONNULL = YES;
				CLANG_ANALYZER_NUMBER_OBJECT_CONVERSION = YES_AGGRESSIVE;
				CLANG_CXX_LANGUAGE_STANDARD = "gnu++17";
				CLANG_ENABLE_MODULES = YES;
				CLANG_ENABLE_OBJC_ARC = YES;
				CLANG_ENABLE_OBJC_WEAK = YES;
				CLANG_WARN_BLOCK_CAPTURE_AUTORELEASING = YES;
				CLANG_WARN_BOOL_CONVERSION = YES;
				CLANG_WARN_COMMA = YES;
				CLANG_WARN_CONSTANT_CONVERSION = YES;
				CLANG_WARN_DEPRECATED_OBJC_IMPLEMENTATIONS = YES;
				CLANG_WARN_DIRECT_OBJC_ISA_USAGE = YES_ERROR;
				CLANG_WARN_DOCUMENTATION_COMMENTS = YES;
				CLANG_WARN_EMPTY_BODY = YES;
				CLANG_WARN_ENUM_CONVERSION = YES;
				CLANG_WARN_INFINITE_RECURSION = YES;
				CLANG_WARN_INT_CONVERSION = YES;
				CLANG_WARN_NON_LITERAL_NULL_CONVERSION = YES;
				CLANG_WARN_OBJC_IMPLICIT_RETAIN_SELF = YES;
				CLANG_WARN_OBJC_LITERAL_CONVERSION = YES;
				CLANG_WARN_OBJC_ROOT_CLASS = YES_ERROR;
				CLANG_WARN_QUOTED_INCLUDE_IN_FRAMEWORK_HEADER = YES;
				CLANG_WARN_RANGE_LOOP_ANALYSIS = YES;
				CLANG_WARN_STRICT_PROTOTYPES = YES;
				CLANG_WARN_SUSPICIOUS_MOVE = YES;
				CLANG_WARN_UNGUARDED_AVAILABILITY = YES_AGGRESSIVE;
				CLANG_WARN_UNREACHABLE_CODE = YES;
				CLANG_WARN__DUPLICATE_METHOD_MATCH = YES;
				COPY_PHASE_STRIP = NO;
				CURRENT_PROJECT_VERSION = 1;
				DEBUG_INFORMATION_FORMAT = dwarf;
				ENABLE_STRICT_OBJC_MSGSEND = YES;
				ENABLE_TESTABILITY = YES;
				GCC_C_LANGUAGE_STANDARD = gnu11;
				GCC_DYNAMIC_NO_PIC = NO;
				GCC_NO_COMMON_BLOCKS = YES;
				GCC_OPTIMIZATION_LEVEL = 0;
				GCC_PREPROCESSOR_DEFINITIONS = (
					"DEBUG=1",
					"$(inherited)",
				);
				GCC_WARN_64_TO_32_BIT_CONVERSION = YES;
				GCC_WARN_ABOUT_RETURN_TYPE = YES_ERROR;
				GCC_WARN_UNDECLARED_SELECTOR = YES;
				GCC_WARN_UNINITIALIZED_AUTOS = YES_AGGRESSIVE;
				GCC_WARN_UNUSED_FUNCTION = YES;
				GCC_WARN_UNUSED_VARIABLE = YES;
				IPHONEOS_DEPLOYMENT_TARGET = 15.5;
				MTL_ENABLE_DEBUG_INFO = INCLUDE_SOURCE;
				MTL_FAST_MATH = YES;
				ONLY_ACTIVE_ARCH = YES;
				SDKROOT = iphoneos;
				SWIFT_ACTIVE_COMPILATION_CONDITIONS = DEBUG;
				SWIFT_OPTIMIZATION_LEVEL = "-Onone";
				VERSIONING_SYSTEM = "apple-generic";
				VERSION_INFO_PREFIX = "";
			};
			name = Debug;
		};
		C382D66628AB1BC00099F03C /* Release */ = {
			isa = XCBuildConfiguration;
			buildSettings = {
				ALWAYS_SEARCH_USER_PATHS = NO;
				CLANG_ANALYZER_NONNULL = YES;
				CLANG_ANALYZER_NUMBER_OBJECT_CONVERSION = YES_AGGRESSIVE;
				CLANG_CXX_LANGUAGE_STANDARD = "gnu++17";
				CLANG_ENABLE_MODULES = YES;
				CLANG_ENABLE_OBJC_ARC = YES;
				CLANG_ENABLE_OBJC_WEAK = YES;
				CLANG_WARN_BLOCK_CAPTURE_AUTORELEASING = YES;
				CLANG_WARN_BOOL_CONVERSION = YES;
				CLANG_WARN_COMMA = YES;
				CLANG_WARN_CONSTANT_CONVERSION = YES;
				CLANG_WARN_DEPRECATED_OBJC_IMPLEMENTATIONS = YES;
				CLANG_WARN_DIRECT_OBJC_ISA_USAGE = YES_ERROR;
				CLANG_WARN_DOCUMENTATION_COMMENTS = YES;
				CLANG_WARN_EMPTY_BODY = YES;
				CLANG_WARN_ENUM_CONVERSION = YES;
				CLANG_WARN_INFINITE_RECURSION = YES;
				CLANG_WARN_INT_CONVERSION = YES;
				CLANG_WARN_NON_LITERAL_NULL_CONVERSION = YES;
				CLANG_WARN_OBJC_IMPLICIT_RETAIN_SELF = YES;
				CLANG_WARN_OBJC_LITERAL_CONVERSION = YES;
				CLANG_WARN_OBJC_ROOT_CLASS = YES_ERROR;
				CLANG_WARN_QUOTED_INCLUDE_IN_FRAMEWORK_HEADER = YES;
				CLANG_WARN_RANGE_LOOP_ANALYSIS = YES;
				CLANG_WARN_STRICT_PROTOTYPES = YES;
				CLANG_WARN_SUSPICIOUS_MOVE = YES;
				CLANG_WARN_UNGUARDED_AVAILABILITY = YES_AGGRESSIVE;
				CLANG_WARN_UNREACHABLE_CODE = YES;
				CLANG_WARN__DUPLICATE_METHOD_MATCH = YES;
				COPY_PHASE_STRIP = NO;
				CURRENT_PROJECT_VERSION = 1;
				DEBUG_INFORMATION_FORMAT = "dwarf-with-dsym";
				ENABLE_NS_ASSERTIONS = NO;
				ENABLE_STRICT_OBJC_MSGSEND = YES;
				GCC_C_LANGUAGE_STANDARD = gnu11;
				GCC_NO_COMMON_BLOCKS = YES;
				GCC_WARN_64_TO_32_BIT_CONVERSION = YES;
				GCC_WARN_ABOUT_RETURN_TYPE = YES_ERROR;
				GCC_WARN_UNDECLARED_SELECTOR = YES;
				GCC_WARN_UNINITIALIZED_AUTOS = YES_AGGRESSIVE;
				GCC_WARN_UNUSED_FUNCTION = YES;
				GCC_WARN_UNUSED_VARIABLE = YES;
				IPHONEOS_DEPLOYMENT_TARGET = 15.5;
				MTL_ENABLE_DEBUG_INFO = NO;
				MTL_FAST_MATH = YES;
				SDKROOT = iphoneos;
				SWIFT_COMPILATION_MODE = wholemodule;
				SWIFT_OPTIMIZATION_LEVEL = "-O";
				VALIDATE_PRODUCT = YES;
				VERSIONING_SYSTEM = "apple-generic";
				VERSION_INFO_PREFIX = "";
			};
			name = Release;
		};
		C382D66828AB1BC00099F03C /* Debug */ = {
			isa = XCBuildConfiguration;
			buildSettings = {
				CODE_SIGN_STYLE = Automatic;
				CURRENT_PROJECT_VERSION = 1;
				DEFINES_MODULE = YES;
				DEVELOPMENT_TEAM = 48S4T8HCYX;
				DYLIB_COMPATIBILITY_VERSION = 1;
				DYLIB_CURRENT_VERSION = 1;
				DYLIB_INSTALL_NAME_BASE = "@rpath";
				GENERATE_INFOPLIST_FILE = YES;
				INFOPLIST_KEY_NSHumanReadableCopyright = "";
				INSTALL_PATH = "$(LOCAL_LIBRARY_DIR)/Frameworks";
				LD_RUNPATH_SEARCH_PATHS = (
					"$(inherited)",
					"@executable_path/Frameworks",
					"@loader_path/Frameworks",
				);
				MARKETING_VERSION = 1.0;
				PRODUCT_BUNDLE_IDENTIFIER = com.jun.SeSAC2UIFramework;
				PRODUCT_NAME = "$(TARGET_NAME:c99extidentifier)";
				SKIP_INSTALL = YES;
				SWIFT_EMIT_LOC_STRINGS = YES;
				SWIFT_VERSION = 5.0;
				TARGETED_DEVICE_FAMILY = "1,2";
			};
			name = Debug;
		};
		C382D66928AB1BC00099F03C /* Release */ = {
			isa = XCBuildConfiguration;
			buildSettings = {
				CODE_SIGN_STYLE = Automatic;
				CURRENT_PROJECT_VERSION = 1;
				DEFINES_MODULE = YES;
				DEVELOPMENT_TEAM = 48S4T8HCYX;
				DYLIB_COMPATIBILITY_VERSION = 1;
				DYLIB_CURRENT_VERSION = 1;
				DYLIB_INSTALL_NAME_BASE = "@rpath";
				GENERATE_INFOPLIST_FILE = YES;
				INFOPLIST_KEY_NSHumanReadableCopyright = "";
				INSTALL_PATH = "$(LOCAL_LIBRARY_DIR)/Frameworks";
				LD_RUNPATH_SEARCH_PATHS = (
					"$(inherited)",
					"@executable_path/Frameworks",
					"@loader_path/Frameworks",
				);
				MARKETING_VERSION = 1.0;
				PRODUCT_BUNDLE_IDENTIFIER = com.jun.SeSAC2UIFramework;
				PRODUCT_NAME = "$(TARGET_NAME:c99extidentifier)";
				SKIP_INSTALL = YES;
				SWIFT_EMIT_LOC_STRINGS = YES;
				SWIFT_VERSION = 5.0;
				TARGETED_DEVICE_FAMILY = "1,2";
			};
			name = Release;
		};
		C382D66B28AB1BC00099F03C /* Debug */ = {
			isa = XCBuildConfiguration;
			buildSettings = {
				ALWAYS_EMBED_SWIFT_STANDARD_LIBRARIES = YES;
				CODE_SIGN_STYLE = Automatic;
				CURRENT_PROJECT_VERSION = 1;
				DEVELOPMENT_TEAM = 48S4T8HCYX;
				GENERATE_INFOPLIST_FILE = YES;
				MARKETING_VERSION = 1.0;
				PRODUCT_BUNDLE_IDENTIFIER = com.jun.SeSAC2UIFrameworkTests;
				PRODUCT_NAME = "$(TARGET_NAME)";
				SWIFT_EMIT_LOC_STRINGS = NO;
				SWIFT_VERSION = 5.0;
				TARGETED_DEVICE_FAMILY = "1,2";
			};
			name = Debug;
		};
		C382D66C28AB1BC00099F03C /* Release */ = {
			isa = XCBuildConfiguration;
			buildSettings = {
				ALWAYS_EMBED_SWIFT_STANDARD_LIBRARIES = YES;
				CODE_SIGN_STYLE = Automatic;
				CURRENT_PROJECT_VERSION = 1;
				DEVELOPMENT_TEAM = 48S4T8HCYX;
				GENERATE_INFOPLIST_FILE = YES;
				MARKETING_VERSION = 1.0;
				PRODUCT_BUNDLE_IDENTIFIER = com.jun.SeSAC2UIFrameworkTests;
				PRODUCT_NAME = "$(TARGET_NAME)";
				SWIFT_EMIT_LOC_STRINGS = NO;
				SWIFT_VERSION = 5.0;
				TARGETED_DEVICE_FAMILY = "1,2";
			};
			name = Release;
		};
/* End XCBuildConfiguration section */

/* Begin XCConfigurationList section */
		C382D64D28AB1BC00099F03C /* Build configuration list for PBXProject "SeSAC2UIFramework" */ = {
			isa = XCConfigurationList;
			buildConfigurations = (
				C382D66528AB1BC00099F03C /* Debug */,
				C382D66628AB1BC00099F03C /* Release */,
			);
			defaultConfigurationIsVisible = 0;
			defaultConfigurationName = Release;
		};
		C382D66728AB1BC00099F03C /* Build configuration list for PBXNativeTarget "SeSAC2UIFramework" */ = {
			isa = XCConfigurationList;
			buildConfigurations = (
				C382D66828AB1BC00099F03C /* Debug */,
				C382D66928AB1BC00099F03C /* Release */,
			);
			defaultConfigurationIsVisible = 0;
			defaultConfigurationName = Release;
		};
		C382D66A28AB1BC00099F03C /* Build configuration list for PBXNativeTarget "SeSAC2UIFrameworkTests" */ = {
			isa = XCConfigurationList;
			buildConfigurations = (
				C382D66B28AB1BC00099F03C /* Debug */,
				C382D66C28AB1BC00099F03C /* Release */,
			);
			defaultConfigurationIsVisible = 0;
			defaultConfigurationName = Release;
		};
/* End XCConfigurationList section */
	};
	rootObject = C382D64A28AB1BC00099F03C /* Project object */;
}
